PODS:
  - FlutterMacOS (1.0.0)
  - native_network_interface (0.0.1):
    - FlutterMacOS

DEPENDENCIES:
  - FlutterMacOS (from `Flutter/ephemeral`)
  - native_network_interface (from `Flutter/ephemeral/.symlinks/plugins/native_network_interface/macos`)

EXTERNAL SOURCES:
  FlutterMacOS:
    :path: Flutter/ephemeral
  native_network_interface:
    :path: Flutter/ephemeral/.symlinks/plugins/native_network_interface/macos

SPEC CHECKSUMS:
  FlutterMacOS: 8f6f14fa908a6fb3fba0cd85dbd81ec4b251fb24
  native_network_interface: 40375a9fe328ad520b7bd1583124971243c530f0

PODFILE CHECKSUM: 7eb978b976557c8c1cd717d8185ec483fd090a82

COCOAPODS: 1.16.2
